// !$*UTF8*$!
{
	archiveVersion = 1;
	classes = {
	};
	objectVersion = 48;
	objects = {

/* Begin PBXBuildFile section */
		BD035CA41FF5CF8F00B88D6B /* MR5ComposedCharacterSequence.m in Sources */ = {isa = PBXBuildFile; fileRef = BD035CA31FF5CF8F00B88D6B /* MR5ComposedCharacterSequence.m */; };
		BD035CA71FF5D4DD00B88D6B /* MR5CodePointDescriptor.m in Sources */ = {isa = PBXBuildFile; fileRef = BD035CA61FF5D4DD00B88D6B /* MR5CodePointDescriptor.m */; };
		BD035CAA1FF5D8E500B88D6B /* NSString+MR5StringUtils.m in Sources */ = {isa = PBXBuildFile; fileRef = BD035CA91FF5D8E500B88D6B /* NSString+MR5StringUtils.m */; };
		BD035CAD1FF6BB8300B88D6B /* MR5CodePointAlias.m in Sources */ = {isa = PBXBuildFile; fileRef = BD035CAC1FF6BB8300B88D6B /* MR5CodePointAlias.m */; };
		BD035CB61FF6D53400B88D6B /* MR5CodePointAliasData.m in Sources */ = {isa = PBXBuildFile; fileRef = BD035CB51FF6D53400B88D6B /* MR5CodePointAliasData.m */; };
		BD035CBC1FF6F93600B88D6B /* MR5SequenceNameData.m in Sources */ = {isa = PBXBuildFile; fileRef = BD035CBB1FF6F93600B88D6B /* MR5SequenceNameData.m */; };
		BD236D461FF33296002A5ED4 /* main.m in Sources */ = {isa = PBXBuildFile; fileRef = BD236D451FF33296002A5ED4 /* main.m */; };
		BD5059521FF472D200B1C4D8 /* EmojiFoundation.framework in Frameworks */ = {isa = PBXBuildFile; fileRef = BD5059511FF472D200B1C4D8 /* EmojiFoundation.framework */; };
		BD6F538520EBDF31007C39E0 /* MR5InfoTidbit.m in Sources */ = {isa = PBXBuildFile; fileRef = BD6F538420EBDF31007C39E0 /* MR5InfoTidbit.m */; };
/* End PBXBuildFile section */

/* Begin PBXCopyFilesBuildPhase section */
		BD236D401FF33296002A5ED4 /* CopyFiles */ = {
			isa = PBXCopyFilesBuildPhase;
			buildActionMask = 2147483647;
			dstPath = /usr/share/man/man1/;
			dstSubfolderSpec = 0;
			files = (
			);
			runOnlyForDeploymentPostprocessing = 1;
		};
/* End PBXCopyFilesBuildPhase section */

/* Begin PBXFileReference section */
		BD035CA21FF5CF8F00B88D6B /* MR5ComposedCharacterSequence.h */ = {isa = PBXFileReference; lastKnownFileType = sourcecode.c.h; path = MR5ComposedCharacterSequence.h; sourceTree = "<group>"; };
		BD035CA31FF5CF8F00B88D6B /* MR5ComposedCharacterSequence.m */ = {isa = PBXFileReference; lastKnownFileType = sourcecode.c.objc; path = MR5ComposedCharacterSequence.m; sourceTree = "<group>"; };
		BD035CA51FF5D4DD00B88D6B /* MR5CodePointDescriptor.h */ = {isa = PBXFileReference; lastKnownFileType = sourcecode.c.h; path = MR5CodePointDescriptor.h; sourceTree = "<group>"; };
		BD035CA61FF5D4DD00B88D6B /* MR5CodePointDescriptor.m */ = {isa = PBXFileReference; lastKnownFileType = sourcecode.c.objc; path = MR5CodePointDescriptor.m; sourceTree = "<group>"; };
		BD035CA81FF5D8E500B88D6B /* NSString+MR5StringUtils.h */ = {isa = PBXFileReference; lastKnownFileType = sourcecode.c.h; path = "NSString+MR5StringUtils.h"; sourceTree = "<group>"; };
		BD035CA91FF5D8E500B88D6B /* NSString+MR5StringUtils.m */ = {isa = PBXFileReference; lastKnownFileType = sourcecode.c.objc; path = "NSString+MR5StringUtils.m"; sourceTree = "<group>"; };
		BD035CAB1FF6BB8300B88D6B /* MR5CodePointAlias.h */ = {isa = PBXFileReference; lastKnownFileType = sourcecode.c.h; path = MR5CodePointAlias.h; sourceTree = "<group>"; };
		BD035CAC1FF6BB8300B88D6B /* MR5CodePointAlias.m */ = {isa = PBXFileReference; lastKnownFileType = sourcecode.c.objc; path = MR5CodePointAlias.m; sourceTree = "<group>"; };
		BD035CB41FF6D53400B88D6B /* MR5CodePointAliasData.h */ = {isa = PBXFileReference; fileEncoding = 4; lastKnownFileType = sourcecode.c.h; path = MR5CodePointAliasData.h; sourceTree = SOURCE_ROOT; };
		BD035CB51FF6D53400B88D6B /* MR5CodePointAliasData.m */ = {isa = PBXFileReference; fileEncoding = 4; lastKnownFileType = sourcecode.c.objc; path = MR5CodePointAliasData.m; sourceTree = SOURCE_ROOT; };
		BD035CBA1FF6F93600B88D6B /* MR5SequenceNameData.h */ = {isa = PBXFileReference; fileEncoding = 4; lastKnownFileType = sourcecode.c.h; path = MR5SequenceNameData.h; sourceTree = SOURCE_ROOT; };
		BD035CBB1FF6F93600B88D6B /* MR5SequenceNameData.m */ = {isa = PBXFileReference; fileEncoding = 4; lastKnownFileType = sourcecode.c.objc; path = MR5SequenceNameData.m; sourceTree = SOURCE_ROOT; };
		BD236D421FF33296002A5ED4 /* unidump */ = {isa = PBXFileReference; explicitFileType = "compiled.mach-o.executable"; includeInIndex = 0; path = unidump; sourceTree = BUILT_PRODUCTS_DIR; };
		BD236D451FF33296002A5ED4 /* main.m */ = {isa = PBXFileReference; lastKnownFileType = sourcecode.c.objc; path = main.m; sourceTree = "<group>"; };
		BD236D4D1FF33DCA002A5ED4 /* libicucore.tbd */ = {isa = PBXFileReference; lastKnownFileType = "sourcecode.text-based-dylib-definition"; name = libicucore.tbd; path = usr/lib/libicucore.tbd; sourceTree = SDKROOT; };
		BD5059501FF471B600B1C4D8 /* EMFEmojiToken.h */ = {isa = PBXFileReference; lastKnownFileType = sourcecode.c.h; path = EMFEmojiToken.h; sourceTree = "<group>"; };
		BD5059511FF472D200B1C4D8 /* EmojiFoundation.framework */ = {isa = PBXFileReference; lastKnownFileType = wrapper.framework; name = EmojiFoundation.framework; path = ../../../../System/Library/PrivateFrameworks/EmojiFoundation.framework; sourceTree = "<group>"; };
		BD6F538320EBDF31007C39E0 /* MR5InfoTidbit.h */ = {isa = PBXFileReference; lastKnownFileType = sourcecode.c.h; path = MR5InfoTidbit.h; sourceTree = "<group>"; };
		BD6F538420EBDF31007C39E0 /* MR5InfoTidbit.m */ = {isa = PBXFileReference; lastKnownFileType = sourcecode.c.objc; path = MR5InfoTidbit.m; sourceTree = "<group>"; };
/* End PBXFileReference section */

/* Begin PBXFrameworksBuildPhase section */
		BD236D3F1FF33296002A5ED4 /* Frameworks */ = {
			isa = PBXFrameworksBuildPhase;
			buildActionMask = 2147483647;
			files = (
				BD5059521FF472D200B1C4D8 /* EmojiFoundation.framework in Frameworks */,
			);
			runOnlyForDeploymentPostprocessing = 0;
		};
/* End PBXFrameworksBuildPhase section */

/* Begin PBXGroup section */
		BD236D391FF33296002A5ED4 = {
			isa = PBXGroup;
			children = (
				BD236D441FF33296002A5ED4 /* unidump */,
				BD236D431FF33296002A5ED4 /* Products */,
				BD236D4C1FF33DCA002A5ED4 /* Frameworks */,
			);
			sourceTree = "<group>";
		};
		BD236D431FF33296002A5ED4 /* Products */ = {
			isa = PBXGroup;
			children = (
				BD236D421FF33296002A5ED4 /* unidump */,
			);
			name = Products;
			sourceTree = "<group>";
		};
		BD236D441FF33296002A5ED4 /* unidump */ = {
			isa = PBXGroup;
			children = (
				BD236D451FF33296002A5ED4 /* main.m */,
				BD5059501FF471B600B1C4D8 /* EMFEmojiToken.h */,
				BD035CA21FF5CF8F00B88D6B /* MR5ComposedCharacterSequence.h */,
				BD035CA31FF5CF8F00B88D6B /* MR5ComposedCharacterSequence.m */,
				BD035CA51FF5D4DD00B88D6B /* MR5CodePointDescriptor.h */,
				BD035CA61FF5D4DD00B88D6B /* MR5CodePointDescriptor.m */,
				BD035CA81FF5D8E500B88D6B /* NSString+MR5StringUtils.h */,
				BD035CA91FF5D8E500B88D6B /* NSString+MR5StringUtils.m */,
				BD035CAB1FF6BB8300B88D6B /* MR5CodePointAlias.h */,
				BD035CAC1FF6BB8300B88D6B /* MR5CodePointAlias.m */,
				BD035CB41FF6D53400B88D6B /* MR5CodePointAliasData.h */,
				BD035CB51FF6D53400B88D6B /* MR5CodePointAliasData.m */,
				BD035CBA1FF6F93600B88D6B /* MR5SequenceNameData.h */,
				BD035CBB1FF6F93600B88D6B /* MR5SequenceNameData.m */,
				BD6F538320EBDF31007C39E0 /* MR5InfoTidbit.h */,
				BD6F538420EBDF31007C39E0 /* MR5InfoTidbit.m */,
			);
			path = unidump;
			sourceTree = "<group>";
		};
		BD236D4C1FF33DCA002A5ED4 /* Frameworks */ = {
			isa = PBXGroup;
			children = (
				BD5059511FF472D200B1C4D8 /* EmojiFoundation.framework */,
				BD236D4D1FF33DCA002A5ED4 /* libicucore.tbd */,
			);
			name = Frameworks;
			sourceTree = "<group>";
		};
/* End PBXGroup section */

/* Begin PBXNativeTarget section */
		BD236D411FF33296002A5ED4 /* unidump */ = {
			isa = PBXNativeTarget;
			buildConfigurationList = BD236D491FF33296002A5ED4 /* Build configuration list for PBXNativeTarget "unidump" */;
			buildPhases = (
				BD236D3E1FF33296002A5ED4 /* Sources */,
				BD236D3F1FF33296002A5ED4 /* Frameworks */,
				BD236D401FF33296002A5ED4 /* CopyFiles */,
			);
			buildRules = (
			);
			dependencies = (
			);
			name = unidump;
			productName = unidump;
			productReference = BD236D421FF33296002A5ED4 /* unidump */;
			productType = "com.apple.product-type.tool";
		};
/* End PBXNativeTarget section */

/* Begin PBXProject section */
		BD236D3A1FF33296002A5ED4 /* Project object */ = {
			isa = PBXProject;
			attributes = {
				LastUpgradeCheck = 0930;
				ORGANIZATIONNAME = "Misterfifths Heavy Industries";
				TargetAttributes = {
					BD236D411FF33296002A5ED4 = {
						CreatedOnToolsVersion = 9.2;
						ProvisioningStyle = Automatic;
					};
				};
			};
			buildConfigurationList = BD236D3D1FF33296002A5ED4 /* Build configuration list for PBXProject "unidump" */;
			compatibilityVersion = "Xcode 8.0";
			developmentRegion = en;
			hasScannedForEncodings = 0;
			knownRegions = (
				en,
			);
			mainGroup = BD236D391FF33296002A5ED4;
			productRefGroup = BD236D431FF33296002A5ED4 /* Products */;
			projectDirPath = "";
			projectRoot = "";
			targets = (
				BD236D411FF33296002A5ED4 /* unidump */,
			);
		};
/* End PBXProject section */

/* Begin PBXSourcesBuildPhase section */
		BD236D3E1FF33296002A5ED4 /* Sources */ = {
			isa = PBXSourcesBuildPhase;
			buildActionMask = 2147483647;
			files = (
				BD035CA71FF5D4DD00B88D6B /* MR5CodePointDescriptor.m in Sources */,
				BD035CB61FF6D53400B88D6B /* MR5CodePointAliasData.m in Sources */,
				BD6F538520EBDF31007C39E0 /* MR5InfoTidbit.m in Sources */,
				BD035CBC1FF6F93600B88D6B /* MR5SequenceNameData.m in Sources */,
				BD236D461FF33296002A5ED4 /* main.m in Sources */,
				BD035CAD1FF6BB8300B88D6B /* MR5CodePointAlias.m in Sources */,
				BD035CA41FF5CF8F00B88D6B /* MR5ComposedCharacterSequence.m in Sources */,
				BD035CAA1FF5D8E500B88D6B /* NSString+MR5StringUtils.m in Sources */,
			);
			runOnlyForDeploymentPostprocessing = 0;
		};
/* End PBXSourcesBuildPhase section */

/* Begin XCBuildConfiguration section */
		BD236D471FF33296002A5ED4 /* Debug */ = {
			isa = XCBuildConfiguration;
			buildSettings = {
				ALWAYS_SEARCH_USER_PATHS = NO;
				CLANG_ANALYZER_NONNULL = YES;
				CLANG_ANALYZER_NUMBER_OBJECT_CONVERSION = YES_AGGRESSIVE;
				CLANG_CXX_LANGUAGE_STANDARD = "gnu++14";
				CLANG_CXX_LIBRARY = "libc++";
				CLANG_ENABLE_MODULES = YES;
				CLANG_ENABLE_OBJC_ARC = YES;
				CLANG_WARN_BLOCK_CAPTURE_AUTORELEASING = YES;
				CLANG_WARN_BOOL_CONVERSION = YES;
				CLANG_WARN_COMMA = YES;
				CLANG_WARN_CONSTANT_CONVERSION = YES;
				CLANG_WARN_DEPRECATED_OBJC_IMPLEMENTATIONS = YES;
				CLANG_WARN_DIRECT_OBJC_ISA_USAGE = YES_ERROR;
				CLANG_WARN_DOCUMENTATION_COMMENTS = YES;
				CLANG_WARN_EMPTY_BODY = YES;
				CLANG_WARN_ENUM_CONVERSION = YES;
				CLANG_WARN_INFINITE_RECURSION = YES;
				CLANG_WARN_INT_CONVERSION = YES;
				CLANG_WARN_NON_LITERAL_NULL_CONVERSION = YES;
				CLANG_WARN_OBJC_IMPLICIT_RETAIN_SELF = YES;
				CLANG_WARN_OBJC_LITERAL_CONVERSION = YES;
				CLANG_WARN_OBJC_ROOT_CLASS = YES_ERROR;
				CLANG_WARN_RANGE_LOOP_ANALYSIS = YES;
				CLANG_WARN_STRICT_PROTOTYPES = YES;
				CLANG_WARN_SUSPICIOUS_MOVE = YES;
				CLANG_WARN_UNGUARDED_AVAILABILITY = YES_AGGRESSIVE;
				CLANG_WARN_UNREACHABLE_CODE = YES;
				CLANG_WARN__DUPLICATE_METHOD_MATCH = YES;
				CODE_SIGN_IDENTITY = "";
				COPY_PHASE_STRIP = NO;
				DEBUG_INFORMATION_FORMAT = dwarf;
				ENABLE_STRICT_OBJC_MSGSEND = YES;
				ENABLE_TESTABILITY = YES;
				GCC_C_LANGUAGE_STANDARD = gnu11;
				GCC_DYNAMIC_NO_PIC = NO;
				GCC_NO_COMMON_BLOCKS = YES;
				GCC_OPTIMIZATION_LEVEL = 0;
				GCC_PREPROCESSOR_DEFINITIONS = (
					"DEBUG=1",
					"$(inherited)",
				);
				GCC_WARN_64_TO_32_BIT_CONVERSION = YES;
				GCC_WARN_ABOUT_RETURN_TYPE = YES_ERROR;
				GCC_WARN_UNDECLARED_SELECTOR = YES;
				GCC_WARN_UNINITIALIZED_AUTOS = YES_AGGRESSIVE;
				GCC_WARN_UNUSED_FUNCTION = YES;
				GCC_WARN_UNUSED_VARIABLE = YES;
				MACOSX_DEPLOYMENT_TARGET = 10.13;
				MTL_ENABLE_DEBUG_INFO = YES;
				ONLY_ACTIVE_ARCH = YES;
				SDKROOT = macosx;
			};
			name = Debug;
		};
		BD236D481FF33296002A5ED4 /* Release */ = {
			isa = XCBuildConfiguration;
			buildSettings = {
				ALWAYS_SEARCH_USER_PATHS = NO;
				CLANG_ANALYZER_NONNULL = YES;
				CLANG_ANALYZER_NUMBER_OBJECT_CONVERSION = YES_AGGRESSIVE;
				CLANG_CXX_LANGUAGE_STANDARD = "gnu++14";
				CLANG_CXX_LIBRARY = "libc++";
				CLANG_ENABLE_MODULES = YES;
				CLANG_ENABLE_OBJC_ARC = YES;
				CLANG_WARN_BLOCK_CAPTURE_AUTORELEASING = YES;
				CLANG_WARN_BOOL_CONVERSION = YES;
				CLANG_WARN_COMMA = YES;
				CLANG_WARN_CONSTANT_CONVERSION = YES;
				CLANG_WARN_DEPRECATED_OBJC_IMPLEMENTATIONS = YES;
				CLANG_WARN_DIRECT_OBJC_ISA_USAGE = YES_ERROR;
				CLANG_WARN_DOCUMENTATION_COMMENTS = YES;
				CLANG_WARN_EMPTY_BODY = YES;
				CLANG_WARN_ENUM_CONVERSION = YES;
				CLANG_WARN_INFINITE_RECURSION = YES;
				CLANG_WARN_INT_CONVERSION = YES;
				CLANG_WARN_NON_LITERAL_NULL_CONVERSION = YES;
				CLANG_WARN_OBJC_IMPLICIT_RETAIN_SELF = YES;
				CLANG_WARN_OBJC_LITERAL_CONVERSION = YES;
				CLANG_WARN_OBJC_ROOT_CLASS = YES_ERROR;
				CLANG_WARN_RANGE_LOOP_ANALYSIS = YES;
				CLANG_WARN_STRICT_PROTOTYPES = YES;
				CLANG_WARN_SUSPICIOUS_MOVE = YES;
				CLANG_WARN_UNGUARDED_AVAILABILITY = YES_AGGRESSIVE;
				CLANG_WARN_UNREACHABLE_CODE = YES;
				CLANG_WARN__DUPLICATE_METHOD_MATCH = YES;
				CODE_SIGN_IDENTITY = "";
				COPY_PHASE_STRIP = NO;
				DEBUG_INFORMATION_FORMAT = "dwarf-with-dsym";
				ENABLE_NS_ASSERTIONS = NO;
				ENABLE_STRICT_OBJC_MSGSEND = YES;
				GCC_C_LANGUAGE_STANDARD = gnu11;
				GCC_NO_COMMON_BLOCKS = YES;
				GCC_WARN_64_TO_32_BIT_CONVERSION = YES;
				GCC_WARN_ABOUT_RETURN_TYPE = YES_ERROR;
				GCC_WARN_UNDECLARED_SELECTOR = YES;
				GCC_WARN_UNINITIALIZED_AUTOS = YES_AGGRESSIVE;
				GCC_WARN_UNUSED_FUNCTION = YES;
				GCC_WARN_UNUSED_VARIABLE = YES;
				MACOSX_DEPLOYMENT_TARGET = 10.13;
				MTL_ENABLE_DEBUG_INFO = NO;
				SDKROOT = macosx;
			};
			name = Release;
		};
		BD236D4A1FF33296002A5ED4 /* Debug */ = {
			isa = XCBuildConfiguration;
			buildSettings = {
				DEPLOYMENT_LOCATION = YES;
				DEPLOYMENT_POSTPROCESSING = YES;
				DSTROOT = "";
				FRAMEWORK_SEARCH_PATHS = (
					"$(inherited)",
					"$(SYSTEM_LIBRARY_DIR)/PrivateFrameworks",
				);
				INSTALL_PATH = "$(PROJECT_DIR)/dist";
				LIBRARY_SEARCH_PATHS = /usr/local/opt/icu4c/lib;
				OTHER_LDFLAGS = (
					"-licudata",
					"-licuio",
					"-licuuc",
				);
				PRODUCT_NAME = "$(TARGET_NAME)";
				SYSTEM_HEADER_SEARCH_PATHS = /usr/local/opt/icu4c/include;
			};
			name = Debug;
		};
		BD236D4B1FF33296002A5ED4 /* Release */ = {
			isa = XCBuildConfiguration;
			buildSettings = {
				DEPLOYMENT_LOCATION = YES;
				DEPLOYMENT_POSTPROCESSING = YES;
				DSTROOT = "";
				FRAMEWORK_SEARCH_PATHS = (
					"$(inherited)",
					"$(SYSTEM_LIBRARY_DIR)/PrivateFrameworks",
				);
				INSTALL_PATH = "$(PROJECT_DIR)/dist";
				LIBRARY_SEARCH_PATHS = /usr/local/opt/icu4c/lib;
				OTHER_LDFLAGS = (
					"-licudata",
					"-licuio",
					"-licuuc",
				);
				PRODUCT_NAME = "$(TARGET_NAME)";
				SYSTEM_HEADER_SEARCH_PATHS = /usr/local/opt/icu4c/include;
			};
			name = Release;
		};
/* End XCBuildConfiguration section */

/* Begin XCConfigurationList section */
		BD236D3D1FF33296002A5ED4 /* Build configuration list for PBXProject "unidump" */ = {
			isa = XCConfigurationList;
			buildConfigurations = (
				BD236D471FF33296002A5ED4 /* Debug */,
				BD236D481FF33296002A5ED4 /* Release */,
			);
			defaultConfigurationIsVisible = 0;
			defaultConfigurationName = Release;
		};
		BD236D491FF33296002A5ED4 /* Build configuration list for PBXNativeTarget "unidump" */ = {
			isa = XCConfigurationList;
			buildConfigurations = (
				BD236D4A1FF33296002A5ED4 /* Debug */,
				BD236D4B1FF33296002A5ED4 /* Release */,
			);
			defaultConfigurationIsVisible = 0;
			defaultConfigurationName = Release;
		};
/* End XCConfigurationList section */
	};
	rootObject = BD236D3A1FF33296002A5ED4 /* Project object */;
}
